// !$*UTF8*$!
{
	archiveVersion = 1;
	classes = {
	};
	objectVersion = 46;
	objects = {

/* Begin PBXBuildFile section */
		41B1E24B1D0F63C000D0EA36 /* AppDelegate.swift in Sources */ = {isa = PBXBuildFile; fileRef = 41B1E24A1D0F63C000D0EA36 /* AppDelegate.swift */; };
		41B1E24D1D0F63C000D0EA36 /* ViewController.swift in Sources */ = {isa = PBXBuildFile; fileRef = 41B1E24C1D0F63C000D0EA36 /* ViewController.swift */; };
		41B1E2501D0F63C000D0EA36 /* Main.storyboard in Resources */ = {isa = PBXBuildFile; fileRef = 41B1E24E1D0F63C000D0EA36 /* Main.storyboard */; };
		41B1E2521D0F63C100D0EA36 /* Assets.xcassets in Resources */ = {isa = PBXBuildFile; fileRef = 41B1E2511D0F63C100D0EA36 /* Assets.xcassets */; };
		41B1E2551D0F63C100D0EA36 /* LaunchScreen.storyboard in Resources */ = {isa = PBXBuildFile; fileRef = 41B1E2531D0F63C100D0EA36 /* LaunchScreen.storyboard */; };
		41B1E2601D0F63C100D0EA36 /* MealTrackerTests.swift in Sources */ = {isa = PBXBuildFile; fileRef = 41B1E25F1D0F63C100D0EA36 /* MealTrackerTests.swift */; };
/* End PBXBuildFile section */

/* Begin PBXContainerItemProxy section */
		41B1E25C1D0F63C100D0EA36 /* PBXContainerItemProxy */ = {
			isa = PBXContainerItemProxy;
			containerPortal = 41B1E23F1D0F63C000D0EA36 /* Project object */;
			proxyType = 1;
			remoteGlobalIDString = 41B1E2461D0F63C000D0EA36;
			remoteInfo = MealTracker;
		};
/* End PBXContainerItemProxy section */

/* Begin PBXFileReference section */
		41B1E2471D0F63C000D0EA36 /* MealTracker.app */ = {isa = PBXFileReference; explicitFileType = wrapper.application; includeInIndex = 0; path = MealTracker.app; sourceTree = BUILT_PRODUCTS_DIR; };
		41B1E24A1D0F63C000D0EA36 /* AppDelegate.swift */ = {isa = PBXFileReference; lastKnownFileType = sourcecode.swift; path = AppDelegate.swift; sourceTree = "<group>"; };
		41B1E24C1D0F63C000D0EA36 /* ViewController.swift */ = {isa = PBXFileReference; lastKnownFileType = sourcecode.swift; path = ViewController.swift; sourceTree = "<group>"; };
		41B1E24F1D0F63C000D0EA36 /* Base */ = {isa = PBXFileReference; lastKnownFileType = file.storyboard; name = Base; path = Base.lproj/Main.storyboard; sourceTree = "<group>"; };
		41B1E2511D0F63C100D0EA36 /* Assets.xcassets */ = {isa = PBXFileReference; lastKnownFileType = folder.assetcatalog; path = Assets.xcassets; sourceTree = "<group>"; };
		41B1E2541D0F63C100D0EA36 /* Base */ = {isa = PBXFileReference; lastKnownFileType = file.storyboard; name = Base; path = Base.lproj/LaunchScreen.storyboard; sourceTree = "<group>"; };
		41B1E2561D0F63C100D0EA36 /* Info.plist */ = {isa = PBXFileReference; lastKnownFileType = text.plist.xml; path = Info.plist; sourceTree = "<group>"; };
		41B1E25B1D0F63C100D0EA36 /* MealTrackerTests.xctest */ = {isa = PBXFileReference; explicitFileType = wrapper.cfbundle; includeInIndex = 0; path = MealTrackerTests.xctest; sourceTree = BUILT_PRODUCTS_DIR; };
		41B1E25F1D0F63C100D0EA36 /* MealTrackerTests.swift */ = {isa = PBXFileReference; lastKnownFileType = sourcecode.swift; path = MealTrackerTests.swift; sourceTree = "<group>"; };
		41B1E2611D0F63C100D0EA36 /* Info.plist */ = {isa = PBXFileReference; lastKnownFileType = text.plist.xml; path = Info.plist; sourceTree = "<group>"; };
/* End PBXFileReference section */

/* Begin PBXFrameworksBuildPhase section */
		41B1E2441D0F63C000D0EA36 /* Frameworks */ = {
			isa = PBXFrameworksBuildPhase;
			buildActionMask = 2147483647;
			files = (
			);
			runOnlyForDeploymentPostprocessing = 0;
		};
		41B1E2581D0F63C100D0EA36 /* Frameworks */ = {
			isa = PBXFrameworksBuildPhase;
			buildActionMask = 2147483647;
			files = (
			);
			runOnlyForDeploymentPostprocessing = 0;
		};
/* End PBXFrameworksBuildPhase section */

/* Begin PBXGroup section */
		41B1E23E1D0F63C000D0EA36 = {
			isa = PBXGroup;
			children = (
				41B1E2491D0F63C000D0EA36 /* MealTracker */,
				41B1E25E1D0F63C100D0EA36 /* MealTrackerTests */,
				41B1E2481D0F63C000D0EA36 /* Products */,
			);
			sourceTree = "<group>";
		};
		41B1E2481D0F63C000D0EA36 /* Products */ = {
			isa = PBXGroup;
			children = (
				41B1E2471D0F63C000D0EA36 /* MealTracker.app */,
				41B1E25B1D0F63C100D0EA36 /* MealTrackerTests.xctest */,
			);
			name = Products;
			sourceTree = "<group>";
		};
		41B1E2491D0F63C000D0EA36 /* MealTracker */ = {
			isa = PBXGroup;
			children = (
				41B1E24A1D0F63C000D0EA36 /* AppDelegate.swift */,
				41B1E24C1D0F63C000D0EA36 /* ViewController.swift */,
				41B1E24E1D0F63C000D0EA36 /* Main.storyboard */,
				41B1E2511D0F63C100D0EA36 /* Assets.xcassets */,
				41B1E2531D0F63C100D0EA36 /* LaunchScreen.storyboard */,
				41B1E2561D0F63C100D0EA36 /* Info.plist */,
			);
			path = MealTracker;
			sourceTree = "<group>";
		};
		41B1E25E1D0F63C100D0EA36 /* MealTrackerTests */ = {
			isa = PBXGroup;
			children = (
				41B1E25F1D0F63C100D0EA36 /* MealTrackerTests.swift */,
				41B1E2611D0F63C100D0EA36 /* Info.plist */,
			);
			path = MealTrackerTests;
			sourceTree = "<group>";
		};
/* End PBXGroup section */

/* Begin PBXNativeTarget section */
		41B1E2461D0F63C000D0EA36 /* MealTracker */ = {
			isa = PBXNativeTarget;
			buildConfigurationList = 41B1E2641D0F63C100D0EA36 /* Build configuration list for PBXNativeTarget "MealTracker" */;
			buildPhases = (
				41B1E2431D0F63C000D0EA36 /* Sources */,
				41B1E2441D0F63C000D0EA36 /* Frameworks */,
				41B1E2451D0F63C000D0EA36 /* Resources */,
			);
			buildRules = (
			);
			dependencies = (
			);
			name = MealTracker;
			productName = MealTracker;
			productReference = 41B1E2471D0F63C000D0EA36 /* MealTracker.app */;
			productType = "com.apple.product-type.application";
		};
		41B1E25A1D0F63C100D0EA36 /* MealTrackerTests */ = {
			isa = PBXNativeTarget;
			buildConfigurationList = 41B1E2671D0F63C100D0EA36 /* Build configuration list for PBXNativeTarget "MealTrackerTests" */;
			buildPhases = (
				41B1E2571D0F63C100D0EA36 /* Sources */,
				41B1E2581D0F63C100D0EA36 /* Frameworks */,
				41B1E2591D0F63C100D0EA36 /* Resources */,
			);
			buildRules = (
			);
			dependencies = (
				41B1E25D1D0F63C100D0EA36 /* PBXTargetDependency */,
			);
			name = MealTrackerTests;
			productName = MealTrackerTests;
			productReference = 41B1E25B1D0F63C100D0EA36 /* MealTrackerTests.xctest */;
			productType = "com.apple.product-type.bundle.unit-test";
		};
/* End PBXNativeTarget section */

/* Begin PBXProject section */
		41B1E23F1D0F63C000D0EA36 /* Project object */ = {
			isa = PBXProject;
			attributes = {
				LastSwiftUpdateCheck = 0720;
				LastUpgradeCheck = 0720;
				ORGANIZATIONNAME = "Sasha Kramer";
				TargetAttributes = {
					41B1E2461D0F63C000D0EA36 = {
						CreatedOnToolsVersion = 7.2.1;
					};
					41B1E25A1D0F63C100D0EA36 = {
						CreatedOnToolsVersion = 7.2.1;
						TestTargetID = 41B1E2461D0F63C000D0EA36;
					};
				};
			};
			buildConfigurationList = 41B1E2421D0F63C000D0EA36 /* Build configuration list for PBXProject "MealTracker" */;
			compatibilityVersion = "Xcode 3.2";
			developmentRegion = English;
			hasScannedForEncodings = 0;
			knownRegions = (
				en,
				Base,
			);
			mainGroup = 41B1E23E1D0F63C000D0EA36;
			productRefGroup = 41B1E2481D0F63C000D0EA36 /* Products */;
			projectDirPath = "";
			projectRoot = "";
			targets = (
				41B1E2461D0F63C000D0EA36 /* MealTracker */,
				41B1E25A1D0F63C100D0EA36 /* MealTrackerTests */,
			);
		};
/* End PBXProject section */

/* Begin PBXResourcesBuildPhase section */
		41B1E2451D0F63C000D0EA36 /* Resources */ = {
			isa = PBXResourcesBuildPhase;
			buildActionMask = 2147483647;
			files = (
				41B1E2551D0F63C100D0EA36 /* LaunchScreen.storyboard in Resources */,
				41B1E2521D0F63C100D0EA36 /* Assets.xcassets in Resources */,
				41B1E2501D0F63C000D0EA36 /* Main.storyboard in Resources */,
			);
			runOnlyForDeploymentPostprocessing = 0;
		};
		41B1E2591D0F63C100D0EA36 /* Resources */ = {
			isa = PBXResourcesBuildPhase;
			buildActionMask = 2147483647;
			files = (
			);
			runOnlyForDeploymentPostprocessing = 0;
		};
/* End PBXResourcesBuildPhase section */

/* Begin PBXSourcesBuildPhase section */
		41B1E2431D0F63C000D0EA36 /* Sources */ = {
			isa = PBXSourcesBuildPhase;
			buildActionMask = 2147483647;
			files = (
				41B1E24D1D0F63C000D0EA36 /* ViewController.swift in Sources */,
				41B1E24B1D0F63C000D0EA36 /* AppDelegate.swift in Sources */,
			);
			runOnlyForDeploymentPostprocessing = 0;
		};
		41B1E2571D0F63C100D0EA36 /* Sources */ = {
			isa = PBXSourcesBuildPhase;
			buildActionMask = 2147483647;
			files = (
				41B1E2601D0F63C100D0EA36 /* MealTrackerTests.swift in Sources */,
			);
			runOnlyForDeploymentPostprocessing = 0;
		};
/* End PBXSourcesBuildPhase section */

/* Begin PBXTargetDependency section */
		41B1E25D1D0F63C100D0EA36 /* PBXTargetDependency */ = {
			isa = PBXTargetDependency;
			target = 41B1E2461D0F63C000D0EA36 /* MealTracker */;
			targetProxy = 41B1E25C1D0F63C100D0EA36 /* PBXContainerItemProxy */;
		};
/* End PBXTargetDependency section */

/* Begin PBXVariantGroup section */
		41B1E24E1D0F63C000D0EA36 /* Main.storyboard */ = {
			isa = PBXVariantGroup;
			children = (
				41B1E24F1D0F63C000D0EA36 /* Base */,
			);
			name = Main.storyboard;
			sourceTree = "<group>";
		};
		41B1E2531D0F63C100D0EA36 /* LaunchScreen.storyboard */ = {
			isa = PBXVariantGroup;
			children = (
				41B1E2541D0F63C100D0EA36 /* Base */,
			);
			name = LaunchScreen.storyboard;
			sourceTree = "<group>";
		};
/* End PBXVariantGroup section */

/* Begin XCBuildConfiguration section */
		41B1E2621D0F63C100D0EA36 /* Debug */ = {
			isa = XCBuildConfiguration;
			buildSettings = {
				ALWAYS_SEARCH_USER_PATHS = NO;
				CLANG_CXX_LANGUAGE_STANDARD = "gnu++0x";
				CLANG_CXX_LIBRARY = "libc++";
				CLANG_ENABLE_MODULES = YES;
				CLANG_ENABLE_OBJC_ARC = YES;
				CLANG_WARN_BOOL_CONVERSION = YES;
				CLANG_WARN_CONSTANT_CONVERSION = YES;
				CLANG_WARN_DIRECT_OBJC_ISA_USAGE = YES_ERROR;
				CLANG_WARN_EMPTY_BODY = YES;
				CLANG_WARN_ENUM_CONVERSION = YES;
				CLANG_WARN_INT_CONVERSION = YES;
				CLANG_WARN_OBJC_ROOT_CLASS = YES_ERROR;
				CLANG_WARN_UNREACHABLE_CODE = YES;
				CLANG_WARN__DUPLICATE_METHOD_MATCH = YES;
				"CODE_SIGN_IDENTITY[sdk=iphoneos*]" = "iPhone Developer";
				COPY_PHASE_STRIP = NO;
				DEBUG_INFORMATION_FORMAT = dwarf;
				ENABLE_STRICT_OBJC_MSGSEND = YES;
				ENABLE_TESTABILITY = YES;
				GCC_C_LANGUAGE_STANDARD = gnu99;
				GCC_DYNAMIC_NO_PIC = NO;
				GCC_NO_COMMON_BLOCKS = YES;
				GCC_OPTIMIZATION_LEVEL = 0;
				GCC_PREPROCESSOR_DEFINITIONS = (
					"DEBUG=1",
					"$(inherited)",
				);
				GCC_WARN_64_TO_32_BIT_CONVERSION = YES;
				GCC_WARN_ABOUT_RETURN_TYPE = YES_ERROR;
				GCC_WARN_UNDECLARED_SELECTOR = YES;
				GCC_WARN_UNINITIALIZED_AUTOS = YES_AGGRESSIVE;
				GCC_WARN_UNUSED_FUNCTION = YES;
				GCC_WARN_UNUSED_VARIABLE = YES;
				IPHONEOS_DEPLOYMENT_TARGET = 9.2;
				MTL_ENABLE_DEBUG_INFO = YES;
				ONLY_ACTIVE_ARCH = YES;
				SDKROOT = iphoneos;
				SWIFT_OPTIMIZATION_LEVEL = "-Onone";
				TARGETED_DEVICE_FAMILY = "1,2";
			};
			name = Debug;
		};
		41B1E2631D0F63C100D0EA36 /* Release */ = {
			isa = XCBuildConfiguration;
			buildSettings = {
				ALWAYS_SEARCH_USER_PATHS = NO;
				CLANG_CXX_LANGUAGE_STANDARD = "gnu++0x";
				CLANG_CXX_LIBRARY = "libc++";
				CLANG_ENABLE_MODULES = YES;
				CLANG_ENABLE_OBJC_ARC = YES;
				CLANG_WARN_BOOL_CONVERSION = YES;
				CLANG_WARN_CONSTANT_CONVERSION = YES;
				CLANG_WARN_DIRECT_OBJC_ISA_USAGE = YES_ERROR;
				CLANG_WARN_EMPTY_BODY = YES;
				CLANG_WARN_ENUM_CONVERSION = YES;
				CLANG_WARN_INT_CONVERSION = YES;
				CLANG_WARN_OBJC_ROOT_CLASS = YES_ERROR;
				CLANG_WARN_UNREACHABLE_CODE = YES;
				CLANG_WARN__DUPLICATE_METHOD_MATCH = YES;
				"CODE_SIGN_IDENTITY[sdk=iphoneos*]" = "iPhone Developer";
				COPY_PHASE_STRIP = NO;
				DEBUG_INFORMATION_FORMAT = "dwarf-with-dsym";
				ENABLE_NS_ASSERTIONS = NO;
				ENABLE_STRICT_OBJC_MSGSEND = YES;
				GCC_C_LANGUAGE_STANDARD = gnu99;
				GCC_NO_COMMON_BLOCKS = YES;
				GCC_WARN_64_TO_32_BIT_CONVERSION = YES;
				GCC_WARN_ABOUT_RETURN_TYPE = YES_ERROR;
				GCC_WARN_UNDECLARED_SELECTOR = YES;
				GCC_WARN_UNINITIALIZED_AUTOS = YES_AGGRESSIVE;
				GCC_WARN_UNUSED_FUNCTION = YES;
				GCC_WARN_UNUSED_VARIABLE = YES;
				IPHONEOS_DEPLOYMENT_TARGET = 9.2;
				MTL_ENABLE_DEBUG_INFO = NO;
				SDKROOT = iphoneos;
				TARGETED_DEVICE_FAMILY = "1,2";
				VALIDATE_PRODUCT = YES;
			};
			name = Release;
		};
		41B1E2651D0F63C100D0EA36 /* Debug */ = {
			isa = XCBuildConfiguration;
			buildSettings = {
				ASSETCATALOG_COMPILER_APPICON_NAME = AppIcon;
				INFOPLIST_FILE = MealTracker/Info.plist;
				LD_RUNPATH_SEARCH_PATHS = "$(inherited) @executable_path/Frameworks";
				PRODUCT_BUNDLE_IDENTIFIER = com.example.MealTracker;
				PRODUCT_NAME = "$(TARGET_NAME)";
			};
			name = Debug;
		};
		41B1E2661D0F63C100D0EA36 /* Release */ = {
			isa = XCBuildConfiguration;
			buildSettings = {
				ASSETCATALOG_COMPILER_APPICON_NAME = AppIcon;
				INFOPLIST_FILE = MealTracker/Info.plist;
				LD_RUNPATH_SEARCH_PATHS = "$(inherited) @executable_path/Frameworks";
				PRODUCT_BUNDLE_IDENTIFIER = com.example.MealTracker;
				PRODUCT_NAME = "$(TARGET_NAME)";
			};
			name = Release;
		};
		41B1E2681D0F63C100D0EA36 /* Debug */ = {
			isa = XCBuildConfiguration;
			buildSettings = {
				BUNDLE_LOADER = "$(TEST_HOST)";
				INFOPLIST_FILE = MealTrackerTests/Info.plist;
				LD_RUNPATH_SEARCH_PATHS = "$(inherited) @executable_path/Frameworks @loader_path/Frameworks";
				PRODUCT_BUNDLE_IDENTIFIER = com.example.MealTrackerTests;
				PRODUCT_NAME = "$(TARGET_NAME)";
				TEST_HOST = "$(BUILT_PRODUCTS_DIR)/MealTracker.app/MealTracker";
			};
			name = Debug;
		};
		41B1E2691D0F63C100D0EA36 /* Release */ = {
			isa = XCBuildConfiguration;
			buildSettings = {
				BUNDLE_LOADER = "$(TEST_HOST)";
				INFOPLIST_FILE = MealTrackerTests/Info.plist;
				LD_RUNPATH_SEARCH_PATHS = "$(inherited) @executable_path/Frameworks @loader_path/Frameworks";
				PRODUCT_BUNDLE_IDENTIFIER = com.example.MealTrackerTests;
				PRODUCT_NAME = "$(TARGET_NAME)";
				TEST_HOST = "$(BUILT_PRODUCTS_DIR)/MealTracker.app/MealTracker";
			};
			name = Release;
		};
/* End XCBuildConfiguration section */

/* Begin XCConfigurationList section */
		41B1E2421D0F63C000D0EA36 /* Build configuration list for PBXProject "MealTracker" */ = {
			isa = XCConfigurationList;
			buildConfigurations = (
				41B1E2621D0F63C100D0EA36 /* Debug */,
				41B1E2631D0F63C100D0EA36 /* Release */,
			);
			defaultConfigurationIsVisible = 0;
			defaultConfigurationName = Release;
		};
		41B1E2641D0F63C100D0EA36 /* Build configuration list for PBXNativeTarget "MealTracker" */ = {
			isa = XCConfigurationList;
			buildConfigurations = (
				41B1E2651D0F63C100D0EA36 /* Debug */,
				41B1E2661D0F63C100D0EA36 /* Release */,
			);
			defaultConfigurationIsVisible = 0;
		};
		41B1E2671D0F63C100D0EA36 /* Build configuration list for PBXNativeTarget "MealTrackerTests" */ = {
			isa = XCConfigurationList;
			buildConfigurations = (
				41B1E2681D0F63C100D0EA36 /* Debug */,
				41B1E2691D0F63C100D0EA36 /* Release */,
			);
			defaultConfigurationIsVisible = 0;
		};
/* End XCConfigurationList section */
	};
	rootObject = 41B1E23F1D0F63C000D0EA36 /* Project object */;
}
